
Microsoft Visual Studio Solution File, Format Version 12.00
# Visual Studio Version 17
VisualStudioVersion = 17.3.32929.385
MinimumVisualStudioVersion = 10.0.40219.1
Project("{9A19103F-16F7-4668-BE54-9A1E7A4F7556}") = "ServerCodeGenerator", "CodeGeneration\ServerCodeGenerator\ServerCodeGenerator.csproj", "{730B957F-64F7-4799-88EF-C4FA18171624}"
EndProject
Project("{2150E333-8FDC-42A3-9474-1A3956D46DE8}") = "Solution Items", "Solution Items", "{5DC2F495-E7D5-4B05-A0E9-090888C3527D}"
	ProjectSection(SolutionItems) = preProject
		.editorconfig = .editorconfig
	EndProjectSection
EndProject
Project("{2150E333-8FDC-42A3-9474-1A3956D46DE8}") = "@Common", "@Common", "{AEB152ED-47DE-4836-AE46-D8516057C25F}"
EndProject
Project("{2150E333-8FDC-42A3-9474-1A3956D46DE8}") = "#BL", "#BL", "{02A240C0-C479-4818-AA60-D2F6732D11BB}"
EndProject
Project("{2150E333-8FDC-42A3-9474-1A3956D46DE8}") = "#DAL", "#DAL", "{ECA54171-BB70-4C02-A7E9-B7ED18CED3A3}"
EndProject
Project("{2150E333-8FDC-42A3-9474-1A3956D46DE8}") = "!PL", "!PL", "{9F697EC5-884B-4212-AF77-AD7ED26727B2}"
EndProject
Project("{2150E333-8FDC-42A3-9474-1A3956D46DE8}") = "CodeGenerator", "CodeGenerator", "{CA457BC0-88C2-4865-A89B-53FC11F9FD53}"
EndProject
Project("{2150E333-8FDC-42A3-9474-1A3956D46DE8}") = "#Domain", "#Domain", "{F66B8A6F-1548-4FFF-A850-09D60353FE97}"
EndProject
Project("{FAE04EC0-301F-11D3-BF4B-00C04F79EFBC}") = "BL.Implementations", "BL\BL.Implementations\BL.Implementations.csproj", "{24068BF2-0F67-1B05-FAC8-53E9D5A3E8EB}"
EndProject
Project("{FAE04EC0-301F-11D3-BF4B-00C04F79EFBC}") = "BL.Interfaces", "BL\BL.Interfaces\BL.Interfaces.csproj", "{2EACCD0F-4588-64F0-DF37-DA0406CC155A}"
EndProject
Project("{FAE04EC0-301F-11D3-BF4B-00C04F79EFBC}") = "Common.Helpers", "Common\Common.Helpers\Common.Helpers.csproj", "{194DD323-E553-20BC-FD78-793F571A8A62}"
EndProject
Project("{FAE04EC0-301F-11D3-BF4B-00C04F79EFBC}") = "Common.Configuration.Mail", "Common\Common.Configuration.Mail\Common.Configuration.Mail.csproj", "{CC14B577-1458-1673-7CEF-F5A65F277B31}"
EndProject
Project("{FAE04EC0-301F-11D3-BF4B-00C04F79EFBC}") = "Common.ConvertParams", "Common\Common.ConvertParams\Common.ConvertParams.csproj", "{E8FAEE28-6E2A-FEB3-654E-ABF7A1F9BB2B}"
EndProject
Project("{FAE04EC0-301F-11D3-BF4B-00C04F79EFBC}") = "Common.Enums", "Common\Common.Enums\Common.Enums.csproj", "{D56EA9BA-121F-FB34-AEB5-C95AB3EE9794}"
EndProject
Project("{FAE04EC0-301F-11D3-BF4B-00C04F79EFBC}") = "Common.SearchParams", "Common\Common.SearchParams\Common.SearchParams.csproj", "{E43A91B0-015A-5B7A-F015-D38044062C13}"
EndProject
Project("{FAE04EC0-301F-11D3-BF4B-00C04F79EFBC}") = "Entities", "Domain\Entities\Entities.csproj", "{F47EABB0-39AE-FDCA-D657-6434E5EB58CD}"
EndProject
Project("{FAE04EC0-301F-11D3-BF4B-00C04F79EFBC}") = "DAL.DbModels", "DAL\DAL.DbModels\DAL.DbModels.csproj", "{891E059F-D711-1752-052A-3C45C5FC96C0}"
EndProject
Project("{FAE04EC0-301F-11D3-BF4B-00C04F79EFBC}") = "DAL.EF", "DAL\DAL.EF\DAL.EF.csproj", "{8F336B9E-EE8B-5948-F7DA-C1FDCEEF3F9A}"
EndProject
Project("{FAE04EC0-301F-11D3-BF4B-00C04F79EFBC}") = "DAL.Implementations", "DAL\DAL.Implementations\DAL.Implementations.csproj", "{B255C1C3-23AE-1FEE-F038-1D278E87B198}"
EndProject
Project("{FAE04EC0-301F-11D3-BF4B-00C04F79EFBC}") = "DAL.Interfaces", "DAL\DAL.Interfaces\DAL.Interfaces.csproj", "{DF875A3A-0C28-B397-2520-634FDD7D44FB}"
EndProject
Project("{FAE04EC0-301F-11D3-BF4B-00C04F79EFBC}") = "DAL.DependencyInjection", "DAL\DAL.DependencyInjection\DAL.DependencyInjection.csproj", "{4C968516-94B9-4E1E-B8D1-F93A427ADB65}"
EndProject
Project("{FAE04EC0-301F-11D3-BF4B-00C04F79EFBC}") = "BL.DependencyInjection", "BL\BL.DependencyInjection\BL.DependencyInjection.csproj", "{B24A4E1D-B680-4E92-8E0E-8037F292C167}"
EndProject
Project("{FAE04EC0-301F-11D3-BF4B-00C04F79EFBC}") = "Common.Exceptions", "Common\Common.Exceptions\Common.Exceptions.csproj", "{05A1F185-2F6B-77E1-4DC3-DBF5A82D43D1}"
EndProject
Project("{FAE04EC0-301F-11D3-BF4B-00C04F79EFBC}") = "Common.Constants", "Common\Common.Constants\Common.Constants.csproj", "{3FE6D338-E007-3DAD-9161-7AA45D2CAA5E}"
EndProject
Project("{FAE04EC0-301F-11D3-BF4B-00C04F79EFBC}") = "Common.Attributes", "Common\Common.Attributes\Common.Attributes.csproj", "{F15D644E-51EB-4D43-8FB3-AF06430433E1}"
EndProject
Project("{FAE04EC0-301F-11D3-BF4B-00C04F79EFBC}") = "DAL.Migrator", "DAL\DAL.Migrator\DAL.Migrator.csproj", "{05F74956-6C33-4EC9-912F-25C03BD0EAD4}"
EndProject
Project("{FAE04EC0-301F-11D3-BF4B-00C04F79EFBC}") = "Common.Logger.Configuration", "Common\Common.Logger.Configuration\Common.Logger.Configuration.csproj", "{C4B2E925-055D-4B24-A57B-0AB4B7FA5384}"
EndProject
Project("{FAE04EC0-301F-11D3-BF4B-00C04F79EFBC}") = "Common.Prometheus.Configuration", "Common\Common.Prometheus.Configuration\Common.Prometheus.Configuration.csproj", "{4400624C-1552-4D99-B4B8-849D2848CC57}"
EndProject
Project("{FAE04EC0-301F-11D3-BF4B-00C04F79EFBC}") = "UI.Client", "PL\UI\UI.Client\UI.Client.csproj", "{BE2354B0-876F-485A-AA2E-D88F647DFD85}"
EndProject
Project("{FAE04EC0-301F-11D3-BF4B-00C04F79EFBC}") = "UI.Server", "PL\UI\UI.Server\UI.Server.csproj", "{90D236F2-8186-A7C8-AD56-ABE6320E6AE9}"
EndProject
Project("{FAE04EC0-301F-11D3-BF4B-00C04F79EFBC}") = "DTOs", "Domain\DTOs\DTOs.csproj", "{A4318360-0229-4647-A278-BE4D351D9E90}"
EndProject
Project("{2150E333-8FDC-42A3-9474-1A3956D46DE8}") = "UI", "UI", "{36D591C7-65C7-A0D1-1CBC-10CDE441BDC8}"
EndProject
Project("{2150E333-8FDC-42A3-9474-1A3956D46DE8}") = "Infrastructure", "Infrastructure", "{E3FB4B5C-DFD1-4F41-AC4B-D28D17733953}"
EndProject
Project("{FAE04EC0-301F-11D3-BF4B-00C04F79EFBC}") = "RedisClient", "Infrastructure\RedisClient\RedisClient.csproj", "{DAA367EA-4705-626C-922A-224897123440}"
EndProject
Project("{2150E333-8FDC-42A3-9474-1A3956D46DE8}") = "Services", "Services", "{D3D09419-43F4-4E3F-94F4-4218022528F0}"
EndProject
Project("{FAE04EC0-301F-11D3-BF4B-00C04F79EFBC}") = "IdentityService", "Services\IdentityService\IdentityService.csproj", "{E6BAA129-8599-5DB5-A7D6-8CC8172E12B3}"
EndProject
Project("{FAE04EC0-301F-11D3-BF4B-00C04F79EFBC}") = "Contracts", "Domain\Contracts\Contracts.csproj", "{EEDFA139-881C-3507-E2B8-5481D45823A6}"
EndProject
Project("{FAE04EC0-301F-11D3-BF4B-00C04F79EFBC}") = "Common.Mappers", "Common\Common.Mappers\Common.Mappers.csproj", "{AB4C6A96-6175-4088-994C-01BC6693ECFB}"
EndProject
Global
	GlobalSection(SolutionConfigurationPlatforms) = preSolution
		Debug|Any CPU = Debug|Any CPU
		Release|Any CPU = Release|Any CPU
	EndGlobalSection
	GlobalSection(ProjectConfigurationPlatforms) = postSolution
		{730B957F-64F7-4799-88EF-C4FA18171624}.Debug|Any CPU.ActiveCfg = Debug|Any CPU
		{730B957F-64F7-4799-88EF-C4FA18171624}.Debug|Any CPU.Build.0 = Debug|Any CPU
		{730B957F-64F7-4799-88EF-C4FA18171624}.Release|Any CPU.ActiveCfg = Release|Any CPU
		{730B957F-64F7-4799-88EF-C4FA18171624}.Release|Any CPU.Build.0 = Release|Any CPU
		{24068BF2-0F67-1B05-FAC8-53E9D5A3E8EB}.Debug|Any CPU.ActiveCfg = Debug|Any CPU
		{24068BF2-0F67-1B05-FAC8-53E9D5A3E8EB}.Debug|Any CPU.Build.0 = Debug|Any CPU
		{24068BF2-0F67-1B05-FAC8-53E9D5A3E8EB}.Release|Any CPU.ActiveCfg = Release|Any CPU
		{24068BF2-0F67-1B05-FAC8-53E9D5A3E8EB}.Release|Any CPU.Build.0 = Release|Any CPU
		{2EACCD0F-4588-64F0-DF37-DA0406CC155A}.Debug|Any CPU.ActiveCfg = Debug|Any CPU
		{2EACCD0F-4588-64F0-DF37-DA0406CC155A}.Debug|Any CPU.Build.0 = Debug|Any CPU
		{2EACCD0F-4588-64F0-DF37-DA0406CC155A}.Release|Any CPU.ActiveCfg = Release|Any CPU
		{2EACCD0F-4588-64F0-DF37-DA0406CC155A}.Release|Any CPU.Build.0 = Release|Any CPU
		{194DD323-E553-20BC-FD78-793F571A8A62}.Debug|Any CPU.ActiveCfg = Debug|Any CPU
		{194DD323-E553-20BC-FD78-793F571A8A62}.Debug|Any CPU.Build.0 = Debug|Any CPU
		{194DD323-E553-20BC-FD78-793F571A8A62}.Release|Any CPU.ActiveCfg = Release|Any CPU
		{194DD323-E553-20BC-FD78-793F571A8A62}.Release|Any CPU.Build.0 = Release|Any CPU
		{CC14B577-1458-1673-7CEF-F5A65F277B31}.Debug|Any CPU.ActiveCfg = Debug|Any CPU
		{CC14B577-1458-1673-7CEF-F5A65F277B31}.Debug|Any CPU.Build.0 = Debug|Any CPU
		{CC14B577-1458-1673-7CEF-F5A65F277B31}.Release|Any CPU.ActiveCfg = Release|Any CPU
		{CC14B577-1458-1673-7CEF-F5A65F277B31}.Release|Any CPU.Build.0 = Release|Any CPU
		{E8FAEE28-6E2A-FEB3-654E-ABF7A1F9BB2B}.Debug|Any CPU.ActiveCfg = Debug|Any CPU
		{E8FAEE28-6E2A-FEB3-654E-ABF7A1F9BB2B}.Debug|Any CPU.Build.0 = Debug|Any CPU
		{E8FAEE28-6E2A-FEB3-654E-ABF7A1F9BB2B}.Release|Any CPU.ActiveCfg = Release|Any CPU
		{E8FAEE28-6E2A-FEB3-654E-ABF7A1F9BB2B}.Release|Any CPU.Build.0 = Release|Any CPU
		{D56EA9BA-121F-FB34-AEB5-C95AB3EE9794}.Debug|Any CPU.ActiveCfg = Debug|Any CPU
		{D56EA9BA-121F-FB34-AEB5-C95AB3EE9794}.Debug|Any CPU.Build.0 = Debug|Any CPU
		{D56EA9BA-121F-FB34-AEB5-C95AB3EE9794}.Release|Any CPU.ActiveCfg = Release|Any CPU
		{D56EA9BA-121F-FB34-AEB5-C95AB3EE9794}.Release|Any CPU.Build.0 = Release|Any CPU
		{E43A91B0-015A-5B7A-F015-D38044062C13}.Debug|Any CPU.ActiveCfg = Debug|Any CPU
		{E43A91B0-015A-5B7A-F015-D38044062C13}.Debug|Any CPU.Build.0 = Debug|Any CPU
		{E43A91B0-015A-5B7A-F015-D38044062C13}.Release|Any CPU.ActiveCfg = Release|Any CPU
		{E43A91B0-015A-5B7A-F015-D38044062C13}.Release|Any CPU.Build.0 = Release|Any CPU
		{F47EABB0-39AE-FDCA-D657-6434E5EB58CD}.Debug|Any CPU.ActiveCfg = Debug|Any CPU
		{F47EABB0-39AE-FDCA-D657-6434E5EB58CD}.Debug|Any CPU.Build.0 = Debug|Any CPU
		{F47EABB0-39AE-FDCA-D657-6434E5EB58CD}.Release|Any CPU.ActiveCfg = Release|Any CPU
		{F47EABB0-39AE-FDCA-D657-6434E5EB58CD}.Release|Any CPU.Build.0 = Release|Any CPU
		{891E059F-D711-1752-052A-3C45C5FC96C0}.Debug|Any CPU.ActiveCfg = Debug|Any CPU
		{891E059F-D711-1752-052A-3C45C5FC96C0}.Debug|Any CPU.Build.0 = Debug|Any CPU
		{891E059F-D711-1752-052A-3C45C5FC96C0}.Release|Any CPU.ActiveCfg = Release|Any CPU
		{891E059F-D711-1752-052A-3C45C5FC96C0}.Release|Any CPU.Build.0 = Release|Any CPU
		{8F336B9E-EE8B-5948-F7DA-C1FDCEEF3F9A}.Debug|Any CPU.ActiveCfg = Debug|Any CPU
		{8F336B9E-EE8B-5948-F7DA-C1FDCEEF3F9A}.Debug|Any CPU.Build.0 = Debug|Any CPU
		{8F336B9E-EE8B-5948-F7DA-C1FDCEEF3F9A}.Release|Any CPU.ActiveCfg = Release|Any CPU
		{8F336B9E-EE8B-5948-F7DA-C1FDCEEF3F9A}.Release|Any CPU.Build.0 = Release|Any CPU
		{B255C1C3-23AE-1FEE-F038-1D278E87B198}.Debug|Any CPU.ActiveCfg = Debug|Any CPU
		{B255C1C3-23AE-1FEE-F038-1D278E87B198}.Debug|Any CPU.Build.0 = Debug|Any CPU
		{B255C1C3-23AE-1FEE-F038-1D278E87B198}.Release|Any CPU.ActiveCfg = Release|Any CPU
		{B255C1C3-23AE-1FEE-F038-1D278E87B198}.Release|Any CPU.Build.0 = Release|Any CPU
		{DF875A3A-0C28-B397-2520-634FDD7D44FB}.Debug|Any CPU.ActiveCfg = Debug|Any CPU
		{DF875A3A-0C28-B397-2520-634FDD7D44FB}.Debug|Any CPU.Build.0 = Debug|Any CPU
		{DF875A3A-0C28-B397-2520-634FDD7D44FB}.Release|Any CPU.ActiveCfg = Release|Any CPU
		{DF875A3A-0C28-B397-2520-634FDD7D44FB}.Release|Any CPU.Build.0 = Release|Any CPU
		{4C968516-94B9-4E1E-B8D1-F93A427ADB65}.Debug|Any CPU.ActiveCfg = Debug|Any CPU
		{4C968516-94B9-4E1E-B8D1-F93A427ADB65}.Debug|Any CPU.Build.0 = Debug|Any CPU
		{4C968516-94B9-4E1E-B8D1-F93A427ADB65}.Release|Any CPU.ActiveCfg = Release|Any CPU
		{4C968516-94B9-4E1E-B8D1-F93A427ADB65}.Release|Any CPU.Build.0 = Release|Any CPU
		{B24A4E1D-B680-4E92-8E0E-8037F292C167}.Debug|Any CPU.ActiveCfg = Debug|Any CPU
		{B24A4E1D-B680-4E92-8E0E-8037F292C167}.Debug|Any CPU.Build.0 = Debug|Any CPU
		{B24A4E1D-B680-4E92-8E0E-8037F292C167}.Release|Any CPU.ActiveCfg = Release|Any CPU
		{B24A4E1D-B680-4E92-8E0E-8037F292C167}.Release|Any CPU.Build.0 = Release|Any CPU
		{05A1F185-2F6B-77E1-4DC3-DBF5A82D43D1}.Debug|Any CPU.ActiveCfg = Debug|Any CPU
		{05A1F185-2F6B-77E1-4DC3-DBF5A82D43D1}.Debug|Any CPU.Build.0 = Debug|Any CPU
		{05A1F185-2F6B-77E1-4DC3-DBF5A82D43D1}.Release|Any CPU.ActiveCfg = Release|Any CPU
		{05A1F185-2F6B-77E1-4DC3-DBF5A82D43D1}.Release|Any CPU.Build.0 = Release|Any CPU
		{3FE6D338-E007-3DAD-9161-7AA45D2CAA5E}.Debug|Any CPU.ActiveCfg = Debug|Any CPU
		{3FE6D338-E007-3DAD-9161-7AA45D2CAA5E}.Debug|Any CPU.Build.0 = Debug|Any CPU
		{3FE6D338-E007-3DAD-9161-7AA45D2CAA5E}.Release|Any CPU.ActiveCfg = Release|Any CPU
		{3FE6D338-E007-3DAD-9161-7AA45D2CAA5E}.Release|Any CPU.Build.0 = Release|Any CPU
		{F15D644E-51EB-4D43-8FB3-AF06430433E1}.Debug|Any CPU.ActiveCfg = Debug|Any CPU
		{F15D644E-51EB-4D43-8FB3-AF06430433E1}.Debug|Any CPU.Build.0 = Debug|Any CPU
		{F15D644E-51EB-4D43-8FB3-AF06430433E1}.Release|Any CPU.ActiveCfg = Release|Any CPU
		{F15D644E-51EB-4D43-8FB3-AF06430433E1}.Release|Any CPU.Build.0 = Release|Any CPU
		{05F74956-6C33-4EC9-912F-25C03BD0EAD4}.Debug|Any CPU.ActiveCfg = Debug|Any CPU
		{05F74956-6C33-4EC9-912F-25C03BD0EAD4}.Debug|Any CPU.Build.0 = Debug|Any CPU
		{05F74956-6C33-4EC9-912F-25C03BD0EAD4}.Release|Any CPU.ActiveCfg = Release|Any CPU
		{05F74956-6C33-4EC9-912F-25C03BD0EAD4}.Release|Any CPU.Build.0 = Release|Any CPU
		{C4B2E925-055D-4B24-A57B-0AB4B7FA5384}.Debug|Any CPU.ActiveCfg = Debug|Any CPU
		{C4B2E925-055D-4B24-A57B-0AB4B7FA5384}.Debug|Any CPU.Build.0 = Debug|Any CPU
		{C4B2E925-055D-4B24-A57B-0AB4B7FA5384}.Release|Any CPU.ActiveCfg = Release|Any CPU
		{C4B2E925-055D-4B24-A57B-0AB4B7FA5384}.Release|Any CPU.Build.0 = Release|Any CPU
		{4400624C-1552-4D99-B4B8-849D2848CC57}.Debug|Any CPU.ActiveCfg = Debug|Any CPU
		{4400624C-1552-4D99-B4B8-849D2848CC57}.Debug|Any CPU.Build.0 = Debug|Any CPU
		{4400624C-1552-4D99-B4B8-849D2848CC57}.Release|Any CPU.ActiveCfg = Release|Any CPU
		{4400624C-1552-4D99-B4B8-849D2848CC57}.Release|Any CPU.Build.0 = Release|Any CPU
		{BE2354B0-876F-485A-AA2E-D88F647DFD85}.Debug|Any CPU.ActiveCfg = Debug|Any CPU
		{BE2354B0-876F-485A-AA2E-D88F647DFD85}.Debug|Any CPU.Build.0 = Debug|Any CPU
		{BE2354B0-876F-485A-AA2E-D88F647DFD85}.Release|Any CPU.ActiveCfg = Release|Any CPU
		{BE2354B0-876F-485A-AA2E-D88F647DFD85}.Release|Any CPU.Build.0 = Release|Any CPU
		{90D236F2-8186-A7C8-AD56-ABE6320E6AE9}.Debug|Any CPU.ActiveCfg = Debug|Any CPU
		{90D236F2-8186-A7C8-AD56-ABE6320E6AE9}.Debug|Any CPU.Build.0 = Debug|Any CPU
		{90D236F2-8186-A7C8-AD56-ABE6320E6AE9}.Release|Any CPU.ActiveCfg = Release|Any CPU
		{90D236F2-8186-A7C8-AD56-ABE6320E6AE9}.Release|Any CPU.Build.0 = Release|Any CPU
		{A4318360-0229-4647-A278-BE4D351D9E90}.Debug|Any CPU.ActiveCfg = Debug|Any CPU
		{A4318360-0229-4647-A278-BE4D351D9E90}.Debug|Any CPU.Build.0 = Debug|Any CPU
		{A4318360-0229-4647-A278-BE4D351D9E90}.Release|Any CPU.ActiveCfg = Release|Any CPU
		{A4318360-0229-4647-A278-BE4D351D9E90}.Release|Any CPU.Build.0 = Release|Any CPU
		{DAA367EA-4705-626C-922A-224897123440}.Debug|Any CPU.ActiveCfg = Debug|Any CPU
		{DAA367EA-4705-626C-922A-224897123440}.Debug|Any CPU.Build.0 = Debug|Any CPU
		{DAA367EA-4705-626C-922A-224897123440}.Release|Any CPU.ActiveCfg = Release|Any CPU
		{DAA367EA-4705-626C-922A-224897123440}.Release|Any CPU.Build.0 = Release|Any CPU
		{E6BAA129-8599-5DB5-A7D6-8CC8172E12B3}.Debug|Any CPU.ActiveCfg = Debug|Any CPU
		{E6BAA129-8599-5DB5-A7D6-8CC8172E12B3}.Debug|Any CPU.Build.0 = Debug|Any CPU
		{E6BAA129-8599-5DB5-A7D6-8CC8172E12B3}.Release|Any CPU.ActiveCfg = Release|Any CPU
		{E6BAA129-8599-5DB5-A7D6-8CC8172E12B3}.Release|Any CPU.Build.0 = Release|Any CPU
		{EEDFA139-881C-3507-E2B8-5481D45823A6}.Debug|Any CPU.ActiveCfg = Debug|Any CPU
		{EEDFA139-881C-3507-E2B8-5481D45823A6}.Debug|Any CPU.Build.0 = Debug|Any CPU
		{EEDFA139-881C-3507-E2B8-5481D45823A6}.Release|Any CPU.ActiveCfg = Release|Any CPU
		{EEDFA139-881C-3507-E2B8-5481D45823A6}.Release|Any CPU.Build.0 = Release|Any CPU
		{AB4C6A96-6175-4088-994C-01BC6693ECFB}.Debug|Any CPU.ActiveCfg = Debug|Any CPU
		{AB4C6A96-6175-4088-994C-01BC6693ECFB}.Debug|Any CPU.Build.0 = Debug|Any CPU
		{AB4C6A96-6175-4088-994C-01BC6693ECFB}.Release|Any CPU.ActiveCfg = Release|Any CPU
		{AB4C6A96-6175-4088-994C-01BC6693ECFB}.Release|Any CPU.Build.0 = Release|Any CPU
	EndGlobalSection
	GlobalSection(SolutionProperties) = preSolution
		HideSolutionNode = FALSE
	EndGlobalSection
	GlobalSection(NestedProjects) = preSolution
		{730B957F-64F7-4799-88EF-C4FA18171624} = {CA457BC0-88C2-4865-A89B-53FC11F9FD53}
		{24068BF2-0F67-1B05-FAC8-53E9D5A3E8EB} = {02A240C0-C479-4818-AA60-D2F6732D11BB}
		{2EACCD0F-4588-64F0-DF37-DA0406CC155A} = {02A240C0-C479-4818-AA60-D2F6732D11BB}
		{194DD323-E553-20BC-FD78-793F571A8A62} = {AEB152ED-47DE-4836-AE46-D8516057C25F}
		{CC14B577-1458-1673-7CEF-F5A65F277B31} = {AEB152ED-47DE-4836-AE46-D8516057C25F}
		{E8FAEE28-6E2A-FEB3-654E-ABF7A1F9BB2B} = {AEB152ED-47DE-4836-AE46-D8516057C25F}
		{D56EA9BA-121F-FB34-AEB5-C95AB3EE9794} = {AEB152ED-47DE-4836-AE46-D8516057C25F}
		{E43A91B0-015A-5B7A-F015-D38044062C13} = {AEB152ED-47DE-4836-AE46-D8516057C25F}
		{F47EABB0-39AE-FDCA-D657-6434E5EB58CD} = {F66B8A6F-1548-4FFF-A850-09D60353FE97}
		{891E059F-D711-1752-052A-3C45C5FC96C0} = {ECA54171-BB70-4C02-A7E9-B7ED18CED3A3}
		{8F336B9E-EE8B-5948-F7DA-C1FDCEEF3F9A} = {ECA54171-BB70-4C02-A7E9-B7ED18CED3A3}
		{B255C1C3-23AE-1FEE-F038-1D278E87B198} = {ECA54171-BB70-4C02-A7E9-B7ED18CED3A3}
		{DF875A3A-0C28-B397-2520-634FDD7D44FB} = {ECA54171-BB70-4C02-A7E9-B7ED18CED3A3}
		{4C968516-94B9-4E1E-B8D1-F93A427ADB65} = {ECA54171-BB70-4C02-A7E9-B7ED18CED3A3}
		{B24A4E1D-B680-4E92-8E0E-8037F292C167} = {02A240C0-C479-4818-AA60-D2F6732D11BB}
		{05A1F185-2F6B-77E1-4DC3-DBF5A82D43D1} = {AEB152ED-47DE-4836-AE46-D8516057C25F}
		{3FE6D338-E007-3DAD-9161-7AA45D2CAA5E} = {AEB152ED-47DE-4836-AE46-D8516057C25F}
		{F15D644E-51EB-4D43-8FB3-AF06430433E1} = {AEB152ED-47DE-4836-AE46-D8516057C25F}
		{05F74956-6C33-4EC9-912F-25C03BD0EAD4} = {ECA54171-BB70-4C02-A7E9-B7ED18CED3A3}
		{C4B2E925-055D-4B24-A57B-0AB4B7FA5384} = {AEB152ED-47DE-4836-AE46-D8516057C25F}
		{4400624C-1552-4D99-B4B8-849D2848CC57} = {AEB152ED-47DE-4836-AE46-D8516057C25F}
		{BE2354B0-876F-485A-AA2E-D88F647DFD85} = {36D591C7-65C7-A0D1-1CBC-10CDE441BDC8}
		{90D236F2-8186-A7C8-AD56-ABE6320E6AE9} = {36D591C7-65C7-A0D1-1CBC-10CDE441BDC8}
		{A4318360-0229-4647-A278-BE4D351D9E90} = {F66B8A6F-1548-4FFF-A850-09D60353FE97}
		{36D591C7-65C7-A0D1-1CBC-10CDE441BDC8} = {9F697EC5-884B-4212-AF77-AD7ED26727B2}
		{DAA367EA-4705-626C-922A-224897123440} = {E3FB4B5C-DFD1-4F41-AC4B-D28D17733953}
		{E6BAA129-8599-5DB5-A7D6-8CC8172E12B3} = {D3D09419-43F4-4E3F-94F4-4218022528F0}
		{EEDFA139-881C-3507-E2B8-5481D45823A6} = {F66B8A6F-1548-4FFF-A850-09D60353FE97}
		{AB4C6A96-6175-4088-994C-01BC6693ECFB} = {AEB152ED-47DE-4836-AE46-D8516057C25F}
	EndGlobalSection
	GlobalSection(ExtensibilityGlobals) = postSolution
		SolutionGuid = {5C1911E6-9DD4-45B3-BEB7-0842A0A7207D}
	EndGlobalSection
EndGlobal
